
Microsoft Visual Studio Solution File, Format Version 12.00
# Visual Studio Version 17
VisualStudioVersion = 17.9.34714.143
MinimumVisualStudioVersion = 10.0.40219.1
Project("{2150E333-8FDC-42A3-9474-1A3956D46DE8}") = "Solution Items", "Solution Items", "{6116AE23-F8CE-4FFE-BB8F-8A1269765120}"
	ProjectSection(SolutionItems) = preProject
		..\..\README.md = ..\..\README.md
	EndProjectSection
EndProject
Project("{9A19103F-16F7-4668-BE54-9A1E7A4F7556}") = "Exercicio01", "Exercicio01\Exercicio01.csproj", "{88B2BA2B-B59C-4D5A-B027-6840E052F5BD}"
EndProject
Project("{9A19103F-16F7-4668-BE54-9A1E7A4F7556}") = "Exercicio02", "Exercicio02\Exercicio02.csproj", "{BD90709A-10FB-4F38-A40C-08CAA41E6D6F}"
EndProject
Project("{2150E333-8FDC-42A3-9474-1A3956D46DE8}") = "Entrada,Processamento e Saida de dados", "Entrada,Processamento e Saida de dados", "{378CA9AC-281C-474E-9594-CC976BF569AB}"
EndProject
Project("{2150E333-8FDC-42A3-9474-1A3956D46DE8}") = "Estruturas de Decisão", "Estruturas de Decisão", "{0996AC4B-EF7C-47C5-90B3-2D61D3A618CC}"
EndProject
Project("{2150E333-8FDC-42A3-9474-1A3956D46DE8}") = "Estruturas de Repetição", "Estruturas de Repetição", "{800DF8E5-0527-42DA-9858-56FFD77E64D2}"
EndProject
Project("{9A19103F-16F7-4668-BE54-9A1E7A4F7556}") = "Exercicio03", "Exercicio03\Exercicio03.csproj", "{20D4F703-B9F5-46E7-BA84-F8F206BE2565}"
EndProject
Project("{9A19103F-16F7-4668-BE54-9A1E7A4F7556}") = "Exercicio04", "Exercicio04\Exercicio04.csproj", "{6164D9D9-96C4-404F-9566-5204C515A7BF}"
EndProject
Project("{9A19103F-16F7-4668-BE54-9A1E7A4F7556}") = "Exercicio05", "Exercicio05\Exercicio05.csproj", "{8DEB596A-5219-437B-B299-06E8560B2A4B}"
EndProject
Project("{9A19103F-16F7-4668-BE54-9A1E7A4F7556}") = "Exercicio06", "Exercicio06\Exercicio06.csproj", "{EE37EEEE-D8C8-4516-A3EE-B85F9CEAEB31}"
EndProject
Project("{9A19103F-16F7-4668-BE54-9A1E7A4F7556}") = "Exercicio07", "Exercicio07\Exercicio07.csproj", "{3DAF4790-1940-4EA6-96F6-D97C4E349C8F}"
EndProject
Project("{9A19103F-16F7-4668-BE54-9A1E7A4F7556}") = "Exercicio08", "Exercicio08\Exercicio08.csproj", "{8BC00227-1E5D-4B3C-BE6C-AF9D4AFFAC04}"
EndProject
Project("{9A19103F-16F7-4668-BE54-9A1E7A4F7556}") = "Exercicio09", "Exercicio09\Exercicio09.csproj", "{20CC1F75-302E-4041-95A7-B2C73A18A8C2}"
EndProject
Project("{9A19103F-16F7-4668-BE54-9A1E7A4F7556}") = "Exercicio10", "Exercicio10\Exercicio10.csproj", "{F690954E-1CBF-457C-9614-1AA71A7EB945}"
EndProject
Project("{9A19103F-16F7-4668-BE54-9A1E7A4F7556}") = "Exercicio11", "Exercicio11\Exercicio11.csproj", "{3B85A556-11B2-4767-B776-216DBEB53477}"
EndProject
Project("{9A19103F-16F7-4668-BE54-9A1E7A4F7556}") = "Exercicio12", "Exercicio12\Exercicio12.csproj", "{AEEFB41A-BA52-4949-A0EA-35537C035D36}"
EndProject
Project("{9A19103F-16F7-4668-BE54-9A1E7A4F7556}") = "Exercicio13", "Exercicio13\Exercicio13.csproj", "{975E457D-076E-45E6-B0CD-2270D2AAA055}"
EndProject
Project("{9A19103F-16F7-4668-BE54-9A1E7A4F7556}") = "Exercicio14", "Exercicio14\Exercicio14.csproj", "{CCA9DB57-B1AB-4152-97A8-C8B7CCB49FC9}"
EndProject
Project("{9A19103F-16F7-4668-BE54-9A1E7A4F7556}") = "Exercicio15", "Exercicio15\Exercicio15.csproj", "{043F6EC7-AF36-40E2-A1C6-A02F5491D150}"
EndProject
Project("{9A19103F-16F7-4668-BE54-9A1E7A4F7556}") = "Exercicio16", "Exercicio16\Exercicio16.csproj", "{BC6596FA-1910-4616-B10F-97A852F0FE82}"
EndProject
Global
	GlobalSection(SolutionConfigurationPlatforms) = preSolution
		Debug|Any CPU = Debug|Any CPU
		Release|Any CPU = Release|Any CPU
	EndGlobalSection
	GlobalSection(ProjectConfigurationPlatforms) = postSolution
		{88B2BA2B-B59C-4D5A-B027-6840E052F5BD}.Debug|Any CPU.ActiveCfg = Debug|Any CPU
		{88B2BA2B-B59C-4D5A-B027-6840E052F5BD}.Debug|Any CPU.Build.0 = Debug|Any CPU
		{88B2BA2B-B59C-4D5A-B027-6840E052F5BD}.Release|Any CPU.ActiveCfg = Release|Any CPU
		{88B2BA2B-B59C-4D5A-B027-6840E052F5BD}.Release|Any CPU.Build.0 = Release|Any CPU
		{BD90709A-10FB-4F38-A40C-08CAA41E6D6F}.Debug|Any CPU.ActiveCfg = Debug|Any CPU
		{BD90709A-10FB-4F38-A40C-08CAA41E6D6F}.Debug|Any CPU.Build.0 = Debug|Any CPU
		{BD90709A-10FB-4F38-A40C-08CAA41E6D6F}.Release|Any CPU.ActiveCfg = Release|Any CPU
		{BD90709A-10FB-4F38-A40C-08CAA41E6D6F}.Release|Any CPU.Build.0 = Release|Any CPU
		{20D4F703-B9F5-46E7-BA84-F8F206BE2565}.Debug|Any CPU.ActiveCfg = Debug|Any CPU
		{20D4F703-B9F5-46E7-BA84-F8F206BE2565}.Debug|Any CPU.Build.0 = Debug|Any CPU
		{20D4F703-B9F5-46E7-BA84-F8F206BE2565}.Release|Any CPU.ActiveCfg = Release|Any CPU
		{20D4F703-B9F5-46E7-BA84-F8F206BE2565}.Release|Any CPU.Build.0 = Release|Any CPU
		{6164D9D9-96C4-404F-9566-5204C515A7BF}.Debug|Any CPU.ActiveCfg = Debug|Any CPU
		{6164D9D9-96C4-404F-9566-5204C515A7BF}.Debug|Any CPU.Build.0 = Debug|Any CPU
		{6164D9D9-96C4-404F-9566-5204C515A7BF}.Release|Any CPU.ActiveCfg = Release|Any CPU
		{6164D9D9-96C4-404F-9566-5204C515A7BF}.Release|Any CPU.Build.0 = Release|Any CPU
		{8DEB596A-5219-437B-B299-06E8560B2A4B}.Debug|Any CPU.ActiveCfg = Debug|Any CPU
		{8DEB596A-5219-437B-B299-06E8560B2A4B}.Debug|Any CPU.Build.0 = Debug|Any CPU
		{8DEB596A-5219-437B-B299-06E8560B2A4B}.Release|Any CPU.ActiveCfg = Release|Any CPU
		{8DEB596A-5219-437B-B299-06E8560B2A4B}.Release|Any CPU.Build.0 = Release|Any CPU
		{EE37EEEE-D8C8-4516-A3EE-B85F9CEAEB31}.Debug|Any CPU.ActiveCfg = Debug|Any CPU
		{EE37EEEE-D8C8-4516-A3EE-B85F9CEAEB31}.Debug|Any CPU.Build.0 = Debug|Any CPU
		{EE37EEEE-D8C8-4516-A3EE-B85F9CEAEB31}.Release|Any CPU.ActiveCfg = Release|Any CPU
		{EE37EEEE-D8C8-4516-A3EE-B85F9CEAEB31}.Release|Any CPU.Build.0 = Release|Any CPU
		{3DAF4790-1940-4EA6-96F6-D97C4E349C8F}.Debug|Any CPU.ActiveCfg = Debug|Any CPU
		{3DAF4790-1940-4EA6-96F6-D97C4E349C8F}.Debug|Any CPU.Build.0 = Debug|Any CPU
		{3DAF4790-1940-4EA6-96F6-D97C4E349C8F}.Release|Any CPU.ActiveCfg = Release|Any CPU
		{3DAF4790-1940-4EA6-96F6-D97C4E349C8F}.Release|Any CPU.Build.0 = Release|Any CPU
		{8BC00227-1E5D-4B3C-BE6C-AF9D4AFFAC04}.Debug|Any CPU.ActiveCfg = Debug|Any CPU
		{8BC00227-1E5D-4B3C-BE6C-AF9D4AFFAC04}.Debug|Any CPU.Build.0 = Debug|Any CPU
		{8BC00227-1E5D-4B3C-BE6C-AF9D4AFFAC04}.Release|Any CPU.ActiveCfg = Release|Any CPU
		{8BC00227-1E5D-4B3C-BE6C-AF9D4AFFAC04}.Release|Any CPU.Build.0 = Release|Any CPU
		{20CC1F75-302E-4041-95A7-B2C73A18A8C2}.Debug|Any CPU.ActiveCfg = Debug|Any CPU
		{20CC1F75-302E-4041-95A7-B2C73A18A8C2}.Debug|Any CPU.Build.0 = Debug|Any CPU
		{20CC1F75-302E-4041-95A7-B2C73A18A8C2}.Release|Any CPU.ActiveCfg = Release|Any CPU
		{20CC1F75-302E-4041-95A7-B2C73A18A8C2}.Release|Any CPU.Build.0 = Release|Any CPU
		{F690954E-1CBF-457C-9614-1AA71A7EB945}.Debug|Any CPU.ActiveCfg = Debug|Any CPU
		{F690954E-1CBF-457C-9614-1AA71A7EB945}.Debug|Any CPU.Build.0 = Debug|Any CPU
		{F690954E-1CBF-457C-9614-1AA71A7EB945}.Release|Any CPU.ActiveCfg = Release|Any CPU
		{F690954E-1CBF-457C-9614-1AA71A7EB945}.Release|Any CPU.Build.0 = Release|Any CPU
		{3B85A556-11B2-4767-B776-216DBEB53477}.Debug|Any CPU.ActiveCfg = Debug|Any CPU
		{3B85A556-11B2-4767-B776-216DBEB53477}.Debug|Any CPU.Build.0 = Debug|Any CPU
		{3B85A556-11B2-4767-B776-216DBEB53477}.Release|Any CPU.ActiveCfg = Release|Any CPU
		{3B85A556-11B2-4767-B776-216DBEB53477}.Release|Any CPU.Build.0 = Release|Any CPU
		{AEEFB41A-BA52-4949-A0EA-35537C035D36}.Debug|Any CPU.ActiveCfg = Debug|Any CPU
		{AEEFB41A-BA52-4949-A0EA-35537C035D36}.Debug|Any CPU.Build.0 = Debug|Any CPU
		{AEEFB41A-BA52-4949-A0EA-35537C035D36}.Release|Any CPU.ActiveCfg = Release|Any CPU
		{AEEFB41A-BA52-4949-A0EA-35537C035D36}.Release|Any CPU.Build.0 = Release|Any CPU
		{975E457D-076E-45E6-B0CD-2270D2AAA055}.Debug|Any CPU.ActiveCfg = Debug|Any CPU
		{975E457D-076E-45E6-B0CD-2270D2AAA055}.Debug|Any CPU.Build.0 = Debug|Any CPU
		{975E457D-076E-45E6-B0CD-2270D2AAA055}.Release|Any CPU.ActiveCfg = Release|Any CPU
		{975E457D-076E-45E6-B0CD-2270D2AAA055}.Release|Any CPU.Build.0 = Release|Any CPU
		{CCA9DB57-B1AB-4152-97A8-C8B7CCB49FC9}.Debug|Any CPU.ActiveCfg = Debug|Any CPU
		{CCA9DB57-B1AB-4152-97A8-C8B7CCB49FC9}.Debug|Any CPU.Build.0 = Debug|Any CPU
		{CCA9DB57-B1AB-4152-97A8-C8B7CCB49FC9}.Release|Any CPU.ActiveCfg = Release|Any CPU
		{CCA9DB57-B1AB-4152-97A8-C8B7CCB49FC9}.Release|Any CPU.Build.0 = Release|Any CPU
		{043F6EC7-AF36-40E2-A1C6-A02F5491D150}.Debug|Any CPU.ActiveCfg = Debug|Any CPU
		{043F6EC7-AF36-40E2-A1C6-A02F5491D150}.Debug|Any CPU.Build.0 = Debug|Any CPU
		{043F6EC7-AF36-40E2-A1C6-A02F5491D150}.Release|Any CPU.ActiveCfg = Release|Any CPU
		{043F6EC7-AF36-40E2-A1C6-A02F5491D150}.Release|Any CPU.Build.0 = Release|Any CPU
		{BC6596FA-1910-4616-B10F-97A852F0FE82}.Debug|Any CPU.ActiveCfg = Debug|Any CPU
		{BC6596FA-1910-4616-B10F-97A852F0FE82}.Debug|Any CPU.Build.0 = Debug|Any CPU
		{BC6596FA-1910-4616-B10F-97A852F0FE82}.Release|Any CPU.ActiveCfg = Release|Any CPU
		{BC6596FA-1910-4616-B10F-97A852F0FE82}.Release|Any CPU.Build.0 = Release|Any CPU
	EndGlobalSection
	GlobalSection(SolutionProperties) = preSolution
		HideSolutionNode = FALSE
	EndGlobalSection
	GlobalSection(NestedProjects) = preSolution
		{88B2BA2B-B59C-4D5A-B027-6840E052F5BD} = {378CA9AC-281C-474E-9594-CC976BF569AB}
		{BD90709A-10FB-4F38-A40C-08CAA41E6D6F} = {378CA9AC-281C-474E-9594-CC976BF569AB}
		{20D4F703-B9F5-46E7-BA84-F8F206BE2565} = {378CA9AC-281C-474E-9594-CC976BF569AB}
		{6164D9D9-96C4-404F-9566-5204C515A7BF} = {378CA9AC-281C-474E-9594-CC976BF569AB}
		{8DEB596A-5219-437B-B299-06E8560B2A4B} = {378CA9AC-281C-474E-9594-CC976BF569AB}
		{EE37EEEE-D8C8-4516-A3EE-B85F9CEAEB31} = {378CA9AC-281C-474E-9594-CC976BF569AB}
		{3DAF4790-1940-4EA6-96F6-D97C4E349C8F} = {0996AC4B-EF7C-47C5-90B3-2D61D3A618CC}
		{8BC00227-1E5D-4B3C-BE6C-AF9D4AFFAC04} = {0996AC4B-EF7C-47C5-90B3-2D61D3A618CC}
		{20CC1F75-302E-4041-95A7-B2C73A18A8C2} = {0996AC4B-EF7C-47C5-90B3-2D61D3A618CC}
		{F690954E-1CBF-457C-9614-1AA71A7EB945} = {0996AC4B-EF7C-47C5-90B3-2D61D3A618CC}
		{3B85A556-11B2-4767-B776-216DBEB53477} = {0996AC4B-EF7C-47C5-90B3-2D61D3A618CC}
		{AEEFB41A-BA52-4949-A0EA-35537C035D36} = {800DF8E5-0527-42DA-9858-56FFD77E64D2}
		{975E457D-076E-45E6-B0CD-2270D2AAA055} = {800DF8E5-0527-42DA-9858-56FFD77E64D2}
		{CCA9DB57-B1AB-4152-97A8-C8B7CCB49FC9} = {800DF8E5-0527-42DA-9858-56FFD77E64D2}
		{043F6EC7-AF36-40E2-A1C6-A02F5491D150} = {800DF8E5-0527-42DA-9858-56FFD77E64D2}
		{BC6596FA-1910-4616-B10F-97A852F0FE82} = {800DF8E5-0527-42DA-9858-56FFD77E64D2}
	EndGlobalSection
	GlobalSection(ExtensibilityGlobals) = postSolution
		SolutionGuid = {065D60E2-E288-49C6-9F6D-A845D255A6EA}
	EndGlobalSection
EndGlobal
